
Microsoft Visual Studio Solution File, Format Version 12.00
# Visual Studio Version 17
VisualStudioVersion = 17.1.32421.90
MinimumVisualStudioVersion = 10.0.40219.1
Project("{FAE04EC0-301F-11D3-BF4B-00C04F79EFBC}") = "MyTasksApi", "MyTasksApi\MyTasksApi.csproj", "{FCF9ECC9-B4D3-49C9-B9CF-82343F619872}"
EndProject
Global
	GlobalSection(SolutionConfigurationPlatforms) = preSolution
		Debug|Any CPU = Debug|Any CPU
		Release|Any CPU = Release|Any CPU
	EndGlobalSection
	GlobalSection(ProjectConfigurationPlatforms) = postSolution
		{FCF9ECC9-B4D3-49C9-B9CF-82343F619872}.Debug|Any CPU.ActiveCfg = Debug|Any CPU
		{FCF9ECC9-B4D3-49C9-B9CF-82343F619872}.Debug|Any CPU.Build.0 = Debug|Any CPU
		{FCF9ECC9-B4D3-49C9-B9CF-82343F619872}.Release|Any CPU.ActiveCfg = Release|Any CPU
		{FCF9ECC9-B4D3-49C9-B9CF-82343F619872}.Release|Any CPU.Build.0 = Release|Any CPU
	EndGlobalSection
	GlobalSection(SolutionProperties) = preSolution
		HideSolutionNode = FALSE
	EndGlobalSection
	GlobalSection(ExtensibilityGlobals) = postSolution
		SolutionGuid = {4D8FB842-D077-4BA2-93A8-1600C67D6B97}
	EndGlobalSection
EndGlobal
